
Microsoft Visual Studio Solution File, Format Version 12.00
# Visual Studio Version 16
VisualStudioVersion = 16.0.34114.132
MinimumVisualStudioVersion = 10.0.40219.1
Project("{2150E333-8FDC-42A3-9474-1A3956D46DE8}") = "Task0", "Task0", "{1C9D62A1-475B-4B50-BE29-32D563B4FE1D}"
EndProject
Project("{FAE04EC0-301F-11D3-BF4B-00C04F79EFBC}") = "Tyuiu.ZavgorodnyayaZA.Sprint5.Task0.V12", "Tyuiu.ZavgorodnyayaZA.Sprint5.Task0.V12\Tyuiu.ZavgorodnyayaZA.Sprint5.Task0.V12.csproj", "{F609EB60-B474-48B8-840A-CAFB56DE8B94}"
EndProject
Project("{2150E333-8FDC-42A3-9474-1A3956D46DE8}") = "Task1", "Task1", "{CB24A8AA-C781-4CC9-B11C-FE77581E1B83}"
EndProject
Project("{2150E333-8FDC-42A3-9474-1A3956D46DE8}") = "Task2", "Task2", "{F9223D1F-492F-43B4-B1D7-357CC4F7E645}"
EndProject
Project("{2150E333-8FDC-42A3-9474-1A3956D46DE8}") = "Task3", "Task3", "{BC973775-C9C3-46EF-A08B-14C950C85CFB}"
EndProject
Project("{2150E333-8FDC-42A3-9474-1A3956D46DE8}") = "Task4", "Task4", "{6B633AEC-4FA4-4139-9AE8-AAE653EEC44D}"
EndProject
Project("{2150E333-8FDC-42A3-9474-1A3956D46DE8}") = "Task5", "Task5", "{F5483149-43A7-4DF4-9CAA-B579DFA8A2AD}"
EndProject
Project("{2150E333-8FDC-42A3-9474-1A3956D46DE8}") = "Task6", "Task6", "{91692349-9D3C-421B-9D58-CD21B75B41C6}"
EndProject
Project("{2150E333-8FDC-42A3-9474-1A3956D46DE8}") = "Task7", "Task7", "{748ACB4D-0A87-4C90-9204-27DD7163D617}"
EndProject
Project("{FAE04EC0-301F-11D3-BF4B-00C04F79EFBC}") = "Tyuiu.ZavgorodnyayaZA.Sprint5.Task0.V12.Lib", "Tyuiu.ZavgorodnyayaZA.Sprint5.Task0.V12.Lib\Tyuiu.ZavgorodnyayaZA.Sprint5.Task0.V12.Lib.csproj", "{3FA1D5C4-1F18-4E58-8F36-9A06CCC707D3}"
EndProject
Project("{FAE04EC0-301F-11D3-BF4B-00C04F79EFBC}") = "Tyuiu.ZavgorodnyayaZA.Sprint5.Task0.V12.Test", "Tyuiu.ZavgorodnyayaZA.Sprint5.Task0.V12.Test\Tyuiu.ZavgorodnyayaZA.Sprint5.Task0.V12.Test.csproj", "{8C5D9ECC-5AC7-408E-88D7-A787C10B020A}"
EndProject
Project("{FAE04EC0-301F-11D3-BF4B-00C04F79EFBC}") = "Tyuiu.ZavgorodnyayaZA.Sprint5.Task1.V2", "Tyuiu.ZavgorodnyayaZA.Sprint5.Task1.V2\Tyuiu.ZavgorodnyayaZA.Sprint5.Task1.V2.csproj", "{52F55749-5615-4FB3-8B1D-30975349EEA8}"
EndProject
Project("{FAE04EC0-301F-11D3-BF4B-00C04F79EFBC}") = "Tyuiu.ZavgorodnyayaZA.Sprint5.Task1.V2.Lib", "Tyuiu.ZavgorodnyayaZA.Sprint5.Task1.V2.Lib\Tyuiu.ZavgorodnyayaZA.Sprint5.Task1.V2.Lib.csproj", "{2BAEFA63-C8C6-4EB7-9644-B007E5BAA495}"
EndProject
Project("{FAE04EC0-301F-11D3-BF4B-00C04F79EFBC}") = "Tyuiu.ZavgorodnyayaZA.Sprint5.Task1.V2.Test", "Tyuiu.ZavgorodnyayaZA.Sprint5.Task1.V2.Test\Tyuiu.ZavgorodnyayaZA.Sprint5.Task1.V2.Test.csproj", "{7CC7B5E5-C58D-40B2-82C3-3C393795F959}"
EndProject
Project("{FAE04EC0-301F-11D3-BF4B-00C04F79EFBC}") = "Tyuiu.ZavgorodnyayaZA.Sprint5.Task2.V14", "Tyuiu.ZavgorodnyayaZA.Sprint5.Task2.V14\Tyuiu.ZavgorodnyayaZA.Sprint5.Task2.V14.csproj", "{3F02FE0C-6627-41CD-8CB8-B39BAC2AAD4A}"
EndProject
Project("{FAE04EC0-301F-11D3-BF4B-00C04F79EFBC}") = "Tyuiu.ZavgorodnyayaZA.Sprint5.Task2.V14.Lib", "Tyuiu.ZavgorodnyayaZA.Sprint5.Task2.V14.Lib\Tyuiu.ZavgorodnyayaZA.Sprint5.Task2.V14.Lib.csproj", "{4A2F3416-FF76-4172-8320-1AA0373525B2}"
EndProject
Project("{FAE04EC0-301F-11D3-BF4B-00C04F79EFBC}") = "Tyuiu.ZavgorodnyayaZA.Sprint5.Task2.V14.Test", "Tyuiu.ZavgorodnyayaZA.Sprint5.Task2.V14.Test\Tyuiu.ZavgorodnyayaZA.Sprint5.Task2.V14.Test.csproj", "{86BED85D-258F-493C-99AE-02BB926A4DFB}"
EndProject
Project("{FAE04EC0-301F-11D3-BF4B-00C04F79EFBC}") = "Tyuiu.ZavgorodnyayaZA.Sprint5.Task3.V5", "Tyuiu.ZavgorodnyayaZA.Sprint5.Task3.V5\Tyuiu.ZavgorodnyayaZA.Sprint5.Task3.V5.csproj", "{E17C02B2-CD65-418F-84B6-600ABC4FA51A}"
EndProject
Project("{FAE04EC0-301F-11D3-BF4B-00C04F79EFBC}") = "Tyuiu.ZavgorodnyayaZA.Sprint5.Task3.V5.Test", "Tyuiu.ZavgorodnyayaZA.Sprint5.Task3.V5.Test\Tyuiu.ZavgorodnyayaZA.Sprint5.Task3.V5.Test.csproj", "{DBA4223D-94E1-49DC-A356-67B31EB4E7E6}"
EndProject
Project("{FAE04EC0-301F-11D3-BF4B-00C04F79EFBC}") = "Tyuiu.ZavgorodnyayaZA.Sprint5.Task3.V5.Lib", "Tyuiu.ZavgorodnyayaZA.Sprint5.Task3.V5.Lib\Tyuiu.ZavgorodnyayaZA.Sprint5.Task3.V5.Lib.csproj", "{BE0BA252-69D8-41B2-83B0-53F8F83FE7CE}"
EndProject
Project("{FAE04EC0-301F-11D3-BF4B-00C04F79EFBC}") = "Tyuiu.ZavgorodnyayaZA.Sprint5.Task4.V9", "Tyuiu.ZavgorodnyayaZA.Sprint5.Task4.V9\Tyuiu.ZavgorodnyayaZA.Sprint5.Task4.V9.csproj", "{A500E991-6CF9-48B7-91F6-6B9F02BEC62E}"
EndProject
Project("{FAE04EC0-301F-11D3-BF4B-00C04F79EFBC}") = "Tyuiu.ZavgorodnyayaZA.Sprint5.Task4.V9.Test", "Tyuiu.ZavgorodnyayaZA.Sprint5.Task4.V9.Test\Tyuiu.ZavgorodnyayaZA.Sprint5.Task4.V9.Test.csproj", "{F7CB0849-9F6A-4B85-9105-63964A8E72E8}"
EndProject
Project("{FAE04EC0-301F-11D3-BF4B-00C04F79EFBC}") = "Tyuiu.ZavgorodnyayaZA.Sprint5.Task4.V9.Lib", "Tyuiu.ZavgorodnyayaZA.Sprint5.Task4.V9.Lib\Tyuiu.ZavgorodnyayaZA.Sprint5.Task4.V9.Lib.csproj", "{EBB399CB-056E-4D6F-9FDF-ED6AC9ADA8E4}"
EndProject
Project("{FAE04EC0-301F-11D3-BF4B-00C04F79EFBC}") = "Tyuiu.ZavgorodnyayaZA.Sprint5.Task5.V16", "Tyuiu.ZavgorodnyayaZA.Sprint5.Task5.V16\Tyuiu.ZavgorodnyayaZA.Sprint5.Task5.V16.csproj", "{6685277A-7F36-4B0C-89B1-2B0FD59124A2}"
EndProject
Project("{FAE04EC0-301F-11D3-BF4B-00C04F79EFBC}") = "Tyuiu.ZavgorodnyayaZA.Sprint5.Task5.V16.Test", "Tyuiu.ZavgorodnyayaZA.Sprint5.Task5.V16.Test\Tyuiu.ZavgorodnyayaZA.Sprint5.Task5.V16.Test.csproj", "{1A984308-7815-47A9-BA87-B0618321BA53}"
EndProject
Project("{FAE04EC0-301F-11D3-BF4B-00C04F79EFBC}") = "Tyuiu.ZavgorodnyayaZA.Sprint5.Task5.V16.Lib", "Tyuiu.ZavgorodnyayaZA.Sprint5.Task5.V16.Lib\Tyuiu.ZavgorodnyayaZA.Sprint5.Task5.V16.Lib.csproj", "{7E1E5F83-1BEF-47E6-83CA-8EBBAEE97A64}"
EndProject
Project("{FAE04EC0-301F-11D3-BF4B-00C04F79EFBC}") = "Tyuiu.ZavgorodnyayaZA.Sprint5.Task6.V6", "Tyuiu.ZavgorodnyayaZA.Sprint5.Task6.V6\Tyuiu.ZavgorodnyayaZA.Sprint5.Task6.V6.csproj", "{6689E6EA-AD50-43FA-A092-A881E9265A38}"
EndProject
Project("{FAE04EC0-301F-11D3-BF4B-00C04F79EFBC}") = "Tyuiu.ZavgorodnyayaZA.Sprint5.Task6.V6.Lib", "Tyuiu.ZavgorodnyayaZA.Sprint5.Task6.V6.Lib\Tyuiu.ZavgorodnyayaZA.Sprint5.Task6.V6.Lib.csproj", "{A2E8B5A8-C9FE-4979-B00C-7EFA9A482A31}"
EndProject
Project("{FAE04EC0-301F-11D3-BF4B-00C04F79EFBC}") = "Tyuiu.ZavgorodnyayaZA.Sprint5.Task6.V6.Test", "Tyuiu.ZavgorodnyayaZA.Sprint5.Task6.V6.Test\Tyuiu.ZavgorodnyayaZA.Sprint5.Task6.V6.Test.csproj", "{E3A5D006-5292-4988-80B5-7C188A4BA88F}"
EndProject
Project("{FAE04EC0-301F-11D3-BF4B-00C04F79EFBC}") = "Tyuiu.ZavgorodnyayaZA.Sprint5.Task7.V22", "Tyuiu.ZavgorodnyayaZA.Sprint5.Task7.V22\Tyuiu.ZavgorodnyayaZA.Sprint5.Task7.V22.csproj", "{BD34D6A5-96B0-409E-B75A-D358DFC8D62E}"
EndProject
Project("{FAE04EC0-301F-11D3-BF4B-00C04F79EFBC}") = "Tyuiu.ZavgorodnyayaZA.Sprint5.Task7.V22.Lib", "Tyuiu.ZavgorodnyayaZA.Sprint5.Task7.V22.Lib\Tyuiu.ZavgorodnyayaZA.Sprint5.Task7.V22.Lib.csproj", "{AA8E851D-642A-4DAA-BFC3-2E89BAF5B129}"
EndProject
Project("{FAE04EC0-301F-11D3-BF4B-00C04F79EFBC}") = "Tyuiu.ZavgorodnyayaZA.Sprint5.Task7.V22.Test", "Tyuiu.ZavgorodnyayaZA.Sprint5.Task7.V22.Test\Tyuiu.ZavgorodnyayaZA.Sprint5.Task7.V22.Test.csproj", "{F36258C2-7083-435F-AB4B-32EC267192AD}"
EndProject
Global
	GlobalSection(SolutionConfigurationPlatforms) = preSolution
		Debug|Any CPU = Debug|Any CPU
		Release|Any CPU = Release|Any CPU
	EndGlobalSection
	GlobalSection(ProjectConfigurationPlatforms) = postSolution
		{F609EB60-B474-48B8-840A-CAFB56DE8B94}.Debug|Any CPU.ActiveCfg = Debug|Any CPU
		{F609EB60-B474-48B8-840A-CAFB56DE8B94}.Debug|Any CPU.Build.0 = Debug|Any CPU
		{F609EB60-B474-48B8-840A-CAFB56DE8B94}.Release|Any CPU.ActiveCfg = Release|Any CPU
		{F609EB60-B474-48B8-840A-CAFB56DE8B94}.Release|Any CPU.Build.0 = Release|Any CPU
		{3FA1D5C4-1F18-4E58-8F36-9A06CCC707D3}.Debug|Any CPU.ActiveCfg = Debug|Any CPU
		{3FA1D5C4-1F18-4E58-8F36-9A06CCC707D3}.Debug|Any CPU.Build.0 = Debug|Any CPU
		{3FA1D5C4-1F18-4E58-8F36-9A06CCC707D3}.Release|Any CPU.ActiveCfg = Release|Any CPU
		{3FA1D5C4-1F18-4E58-8F36-9A06CCC707D3}.Release|Any CPU.Build.0 = Release|Any CPU
		{8C5D9ECC-5AC7-408E-88D7-A787C10B020A}.Debug|Any CPU.ActiveCfg = Debug|Any CPU
		{8C5D9ECC-5AC7-408E-88D7-A787C10B020A}.Debug|Any CPU.Build.0 = Debug|Any CPU
		{8C5D9ECC-5AC7-408E-88D7-A787C10B020A}.Release|Any CPU.ActiveCfg = Release|Any CPU
		{8C5D9ECC-5AC7-408E-88D7-A787C10B020A}.Release|Any CPU.Build.0 = Release|Any CPU
		{52F55749-5615-4FB3-8B1D-30975349EEA8}.Debug|Any CPU.ActiveCfg = Debug|Any CPU
		{52F55749-5615-4FB3-8B1D-30975349EEA8}.Debug|Any CPU.Build.0 = Debug|Any CPU
		{52F55749-5615-4FB3-8B1D-30975349EEA8}.Release|Any CPU.ActiveCfg = Release|Any CPU
		{52F55749-5615-4FB3-8B1D-30975349EEA8}.Release|Any CPU.Build.0 = Release|Any CPU
		{2BAEFA63-C8C6-4EB7-9644-B007E5BAA495}.Debug|Any CPU.ActiveCfg = Debug|Any CPU
		{2BAEFA63-C8C6-4EB7-9644-B007E5BAA495}.Debug|Any CPU.Build.0 = Debug|Any CPU
		{2BAEFA63-C8C6-4EB7-9644-B007E5BAA495}.Release|Any CPU.ActiveCfg = Release|Any CPU
		{2BAEFA63-C8C6-4EB7-9644-B007E5BAA495}.Release|Any CPU.Build.0 = Release|Any CPU
		{7CC7B5E5-C58D-40B2-82C3-3C393795F959}.Debug|Any CPU.ActiveCfg = Debug|Any CPU
		{7CC7B5E5-C58D-40B2-82C3-3C393795F959}.Debug|Any CPU.Build.0 = Debug|Any CPU
		{7CC7B5E5-C58D-40B2-82C3-3C393795F959}.Release|Any CPU.ActiveCfg = Release|Any CPU
		{7CC7B5E5-C58D-40B2-82C3-3C393795F959}.Release|Any CPU.Build.0 = Release|Any CPU
		{3F02FE0C-6627-41CD-8CB8-B39BAC2AAD4A}.Debug|Any CPU.ActiveCfg = Debug|Any CPU
		{3F02FE0C-6627-41CD-8CB8-B39BAC2AAD4A}.Debug|Any CPU.Build.0 = Debug|Any CPU
		{3F02FE0C-6627-41CD-8CB8-B39BAC2AAD4A}.Release|Any CPU.ActiveCfg = Release|Any CPU
		{3F02FE0C-6627-41CD-8CB8-B39BAC2AAD4A}.Release|Any CPU.Build.0 = Release|Any CPU
		{4A2F3416-FF76-4172-8320-1AA0373525B2}.Debug|Any CPU.ActiveCfg = Debug|Any CPU
		{4A2F3416-FF76-4172-8320-1AA0373525B2}.Debug|Any CPU.Build.0 = Debug|Any CPU
		{4A2F3416-FF76-4172-8320-1AA0373525B2}.Release|Any CPU.ActiveCfg = Release|Any CPU
		{4A2F3416-FF76-4172-8320-1AA0373525B2}.Release|Any CPU.Build.0 = Release|Any CPU
		{86BED85D-258F-493C-99AE-02BB926A4DFB}.Debug|Any CPU.ActiveCfg = Debug|Any CPU
		{86BED85D-258F-493C-99AE-02BB926A4DFB}.Debug|Any CPU.Build.0 = Debug|Any CPU
		{86BED85D-258F-493C-99AE-02BB926A4DFB}.Release|Any CPU.ActiveCfg = Release|Any CPU
		{86BED85D-258F-493C-99AE-02BB926A4DFB}.Release|Any CPU.Build.0 = Release|Any CPU
		{E17C02B2-CD65-418F-84B6-600ABC4FA51A}.Debug|Any CPU.ActiveCfg = Debug|Any CPU
		{E17C02B2-CD65-418F-84B6-600ABC4FA51A}.Debug|Any CPU.Build.0 = Debug|Any CPU
		{E17C02B2-CD65-418F-84B6-600ABC4FA51A}.Release|Any CPU.ActiveCfg = Release|Any CPU
		{E17C02B2-CD65-418F-84B6-600ABC4FA51A}.Release|Any CPU.Build.0 = Release|Any CPU
		{DBA4223D-94E1-49DC-A356-67B31EB4E7E6}.Debug|Any CPU.ActiveCfg = Debug|Any CPU
		{DBA4223D-94E1-49DC-A356-67B31EB4E7E6}.Debug|Any CPU.Build.0 = Debug|Any CPU
		{DBA4223D-94E1-49DC-A356-67B31EB4E7E6}.Release|Any CPU.ActiveCfg = Release|Any CPU
		{DBA4223D-94E1-49DC-A356-67B31EB4E7E6}.Release|Any CPU.Build.0 = Release|Any CPU
		{BE0BA252-69D8-41B2-83B0-53F8F83FE7CE}.Debug|Any CPU.ActiveCfg = Debug|Any CPU
		{BE0BA252-69D8-41B2-83B0-53F8F83FE7CE}.Debug|Any CPU.Build.0 = Debug|Any CPU
		{BE0BA252-69D8-41B2-83B0-53F8F83FE7CE}.Release|Any CPU.ActiveCfg = Release|Any CPU
		{BE0BA252-69D8-41B2-83B0-53F8F83FE7CE}.Release|Any CPU.Build.0 = Release|Any CPU
		{A500E991-6CF9-48B7-91F6-6B9F02BEC62E}.Debug|Any CPU.ActiveCfg = Debug|Any CPU
		{A500E991-6CF9-48B7-91F6-6B9F02BEC62E}.Debug|Any CPU.Build.0 = Debug|Any CPU
		{A500E991-6CF9-48B7-91F6-6B9F02BEC62E}.Release|Any CPU.ActiveCfg = Release|Any CPU
		{A500E991-6CF9-48B7-91F6-6B9F02BEC62E}.Release|Any CPU.Build.0 = Release|Any CPU
		{F7CB0849-9F6A-4B85-9105-63964A8E72E8}.Debug|Any CPU.ActiveCfg = Debug|Any CPU
		{F7CB0849-9F6A-4B85-9105-63964A8E72E8}.Debug|Any CPU.Build.0 = Debug|Any CPU
		{F7CB0849-9F6A-4B85-9105-63964A8E72E8}.Release|Any CPU.ActiveCfg = Release|Any CPU
		{F7CB0849-9F6A-4B85-9105-63964A8E72E8}.Release|Any CPU.Build.0 = Release|Any CPU
		{EBB399CB-056E-4D6F-9FDF-ED6AC9ADA8E4}.Debug|Any CPU.ActiveCfg = Debug|Any CPU
		{EBB399CB-056E-4D6F-9FDF-ED6AC9ADA8E4}.Debug|Any CPU.Build.0 = Debug|Any CPU
		{EBB399CB-056E-4D6F-9FDF-ED6AC9ADA8E4}.Release|Any CPU.ActiveCfg = Release|Any CPU
		{EBB399CB-056E-4D6F-9FDF-ED6AC9ADA8E4}.Release|Any CPU.Build.0 = Release|Any CPU
		{6685277A-7F36-4B0C-89B1-2B0FD59124A2}.Debug|Any CPU.ActiveCfg = Debug|Any CPU
		{6685277A-7F36-4B0C-89B1-2B0FD59124A2}.Debug|Any CPU.Build.0 = Debug|Any CPU
		{6685277A-7F36-4B0C-89B1-2B0FD59124A2}.Release|Any CPU.ActiveCfg = Release|Any CPU
		{6685277A-7F36-4B0C-89B1-2B0FD59124A2}.Release|Any CPU.Build.0 = Release|Any CPU
		{1A984308-7815-47A9-BA87-B0618321BA53}.Debug|Any CPU.ActiveCfg = Debug|Any CPU
		{1A984308-7815-47A9-BA87-B0618321BA53}.Debug|Any CPU.Build.0 = Debug|Any CPU
		{1A984308-7815-47A9-BA87-B0618321BA53}.Release|Any CPU.ActiveCfg = Release|Any CPU
		{1A984308-7815-47A9-BA87-B0618321BA53}.Release|Any CPU.Build.0 = Release|Any CPU
		{7E1E5F83-1BEF-47E6-83CA-8EBBAEE97A64}.Debug|Any CPU.ActiveCfg = Debug|Any CPU
		{7E1E5F83-1BEF-47E6-83CA-8EBBAEE97A64}.Debug|Any CPU.Build.0 = Debug|Any CPU
		{7E1E5F83-1BEF-47E6-83CA-8EBBAEE97A64}.Release|Any CPU.ActiveCfg = Release|Any CPU
		{7E1E5F83-1BEF-47E6-83CA-8EBBAEE97A64}.Release|Any CPU.Build.0 = Release|Any CPU
		{6689E6EA-AD50-43FA-A092-A881E9265A38}.Debug|Any CPU.ActiveCfg = Debug|Any CPU
		{6689E6EA-AD50-43FA-A092-A881E9265A38}.Debug|Any CPU.Build.0 = Debug|Any CPU
		{6689E6EA-AD50-43FA-A092-A881E9265A38}.Release|Any CPU.ActiveCfg = Release|Any CPU
		{6689E6EA-AD50-43FA-A092-A881E9265A38}.Release|Any CPU.Build.0 = Release|Any CPU
		{A2E8B5A8-C9FE-4979-B00C-7EFA9A482A31}.Debug|Any CPU.ActiveCfg = Debug|Any CPU
		{A2E8B5A8-C9FE-4979-B00C-7EFA9A482A31}.Debug|Any CPU.Build.0 = Debug|Any CPU
		{A2E8B5A8-C9FE-4979-B00C-7EFA9A482A31}.Release|Any CPU.ActiveCfg = Release|Any CPU
		{A2E8B5A8-C9FE-4979-B00C-7EFA9A482A31}.Release|Any CPU.Build.0 = Release|Any CPU
		{E3A5D006-5292-4988-80B5-7C188A4BA88F}.Debug|Any CPU.ActiveCfg = Debug|Any CPU
		{E3A5D006-5292-4988-80B5-7C188A4BA88F}.Debug|Any CPU.Build.0 = Debug|Any CPU
		{E3A5D006-5292-4988-80B5-7C188A4BA88F}.Release|Any CPU.ActiveCfg = Release|Any CPU
		{E3A5D006-5292-4988-80B5-7C188A4BA88F}.Release|Any CPU.Build.0 = Release|Any CPU
		{BD34D6A5-96B0-409E-B75A-D358DFC8D62E}.Debug|Any CPU.ActiveCfg = Debug|Any CPU
		{BD34D6A5-96B0-409E-B75A-D358DFC8D62E}.Debug|Any CPU.Build.0 = Debug|Any CPU
		{BD34D6A5-96B0-409E-B75A-D358DFC8D62E}.Release|Any CPU.ActiveCfg = Release|Any CPU
		{BD34D6A5-96B0-409E-B75A-D358DFC8D62E}.Release|Any CPU.Build.0 = Release|Any CPU
		{AA8E851D-642A-4DAA-BFC3-2E89BAF5B129}.Debug|Any CPU.ActiveCfg = Debug|Any CPU
		{AA8E851D-642A-4DAA-BFC3-2E89BAF5B129}.Debug|Any CPU.Build.0 = Debug|Any CPU
		{AA8E851D-642A-4DAA-BFC3-2E89BAF5B129}.Release|Any CPU.ActiveCfg = Release|Any CPU
		{AA8E851D-642A-4DAA-BFC3-2E89BAF5B129}.Release|Any CPU.Build.0 = Release|Any CPU
		{F36258C2-7083-435F-AB4B-32EC267192AD}.Debug|Any CPU.ActiveCfg = Debug|Any CPU
		{F36258C2-7083-435F-AB4B-32EC267192AD}.Debug|Any CPU.Build.0 = Debug|Any CPU
		{F36258C2-7083-435F-AB4B-32EC267192AD}.Release|Any CPU.ActiveCfg = Release|Any CPU
		{F36258C2-7083-435F-AB4B-32EC267192AD}.Release|Any CPU.Build.0 = Release|Any CPU
	EndGlobalSection
	GlobalSection(SolutionProperties) = preSolution
		HideSolutionNode = FALSE
	EndGlobalSection
	GlobalSection(NestedProjects) = preSolution
		{F609EB60-B474-48B8-840A-CAFB56DE8B94} = {1C9D62A1-475B-4B50-BE29-32D563B4FE1D}
		{3FA1D5C4-1F18-4E58-8F36-9A06CCC707D3} = {1C9D62A1-475B-4B50-BE29-32D563B4FE1D}
		{8C5D9ECC-5AC7-408E-88D7-A787C10B020A} = {1C9D62A1-475B-4B50-BE29-32D563B4FE1D}
		{52F55749-5615-4FB3-8B1D-30975349EEA8} = {CB24A8AA-C781-4CC9-B11C-FE77581E1B83}
		{2BAEFA63-C8C6-4EB7-9644-B007E5BAA495} = {CB24A8AA-C781-4CC9-B11C-FE77581E1B83}
		{7CC7B5E5-C58D-40B2-82C3-3C393795F959} = {CB24A8AA-C781-4CC9-B11C-FE77581E1B83}
		{3F02FE0C-6627-41CD-8CB8-B39BAC2AAD4A} = {F9223D1F-492F-43B4-B1D7-357CC4F7E645}
		{4A2F3416-FF76-4172-8320-1AA0373525B2} = {F9223D1F-492F-43B4-B1D7-357CC4F7E645}
		{86BED85D-258F-493C-99AE-02BB926A4DFB} = {F9223D1F-492F-43B4-B1D7-357CC4F7E645}
		{E17C02B2-CD65-418F-84B6-600ABC4FA51A} = {BC973775-C9C3-46EF-A08B-14C950C85CFB}
		{DBA4223D-94E1-49DC-A356-67B31EB4E7E6} = {BC973775-C9C3-46EF-A08B-14C950C85CFB}
		{BE0BA252-69D8-41B2-83B0-53F8F83FE7CE} = {BC973775-C9C3-46EF-A08B-14C950C85CFB}
		{A500E991-6CF9-48B7-91F6-6B9F02BEC62E} = {6B633AEC-4FA4-4139-9AE8-AAE653EEC44D}
		{F7CB0849-9F6A-4B85-9105-63964A8E72E8} = {6B633AEC-4FA4-4139-9AE8-AAE653EEC44D}
		{EBB399CB-056E-4D6F-9FDF-ED6AC9ADA8E4} = {6B633AEC-4FA4-4139-9AE8-AAE653EEC44D}
		{6685277A-7F36-4B0C-89B1-2B0FD59124A2} = {F5483149-43A7-4DF4-9CAA-B579DFA8A2AD}
		{1A984308-7815-47A9-BA87-B0618321BA53} = {F5483149-43A7-4DF4-9CAA-B579DFA8A2AD}
		{7E1E5F83-1BEF-47E6-83CA-8EBBAEE97A64} = {F5483149-43A7-4DF4-9CAA-B579DFA8A2AD}
		{6689E6EA-AD50-43FA-A092-A881E9265A38} = {91692349-9D3C-421B-9D58-CD21B75B41C6}
		{A2E8B5A8-C9FE-4979-B00C-7EFA9A482A31} = {91692349-9D3C-421B-9D58-CD21B75B41C6}
		{E3A5D006-5292-4988-80B5-7C188A4BA88F} = {91692349-9D3C-421B-9D58-CD21B75B41C6}
		{BD34D6A5-96B0-409E-B75A-D358DFC8D62E} = {748ACB4D-0A87-4C90-9204-27DD7163D617}
		{AA8E851D-642A-4DAA-BFC3-2E89BAF5B129} = {748ACB4D-0A87-4C90-9204-27DD7163D617}
		{F36258C2-7083-435F-AB4B-32EC267192AD} = {748ACB4D-0A87-4C90-9204-27DD7163D617}
	EndGlobalSection
	GlobalSection(ExtensibilityGlobals) = postSolution
		SolutionGuid = {4B1AEFBC-A7C1-4903-8BC0-D9B64C653304}
	EndGlobalSection
EndGlobal
